
Microsoft Visual Studio Solution File, Format Version 12.00
# Visual Studio 15
VisualStudioVersion = 15.0.28307.757
MinimumVisualStudioVersion = 10.0.40219.1
Project("{8BC9CEB8-8B4A-11D0-8D11-00A0C91BC942}") = "Adafruit_VS1053_Library", "..\..\libraries\Adafruit_VS1053_Library\Adafruit_VS1053_Library.vcxitems", "{F91AB415-C96C-4E86-8E21-E36D2E41B5B7}"
EndProject
Project("{8BC9CEB8-8B4A-11D0-8D11-00A0C91BC942}") = "main", "main\main.vcxproj", "{C5F80730-F44F-4478-BDAE-6634EFC2CA88}"
EndProject
Project("{8BC9CEB8-8B4A-11D0-8D11-00A0C91BC942}") = "test vs1053", "..\..\test vs1053\test vs1053.vcxproj", "{76EAC92D-BD19-4A91-961F-DCBA7D0A3CC6}"
EndProject
Global
	GlobalSection(SolutionConfigurationPlatforms) = preSolution
		Debug|x86 = Debug|x86
		Release|x86 = Release|x86
	EndGlobalSection
	GlobalSection(ProjectConfigurationPlatforms) = postSolution
		{C5F80730-F44F-4478-BDAE-6634EFC2CA88}.Debug|x86.ActiveCfg = Debug|Win32
		{C5F80730-F44F-4478-BDAE-6634EFC2CA88}.Release|x86.ActiveCfg = Release|Win32
		{C5F80730-F44F-4478-BDAE-6634EFC2CA88}.Release|x86.Build.0 = Release|Win32
		{76EAC92D-BD19-4A91-961F-DCBA7D0A3CC6}.Debug|x86.ActiveCfg = Debug|Win32
		{76EAC92D-BD19-4A91-961F-DCBA7D0A3CC6}.Debug|x86.Build.0 = Debug|Win32
		{76EAC92D-BD19-4A91-961F-DCBA7D0A3CC6}.Release|x86.ActiveCfg = Release|Win32
		{76EAC92D-BD19-4A91-961F-DCBA7D0A3CC6}.Release|x86.Build.0 = Release|Win32
	EndGlobalSection
	GlobalSection(SolutionProperties) = preSolution
		HideSolutionNode = FALSE
	EndGlobalSection
	GlobalSection(ExtensibilityGlobals) = postSolution
		SolutionGuid = {D9326E9D-F2A7-48EF-A34B-895E96ECF6E7}
	EndGlobalSection
EndGlobal
